<?xml version="1.0" encoding="UTF-8" standalone="yes" ?>
<CodeBlocks_project_file>
	<FileVersion major="1" minor="6" />
	<Project>
		<Option title="F1" />
		<Option pch_mode="2" />
		<Option compiler="gcc" />
		<Build>
			<Target title="Debug">
				<Option output="bin/Debug/F1" prefix_auto="1" extension_auto="1" />
				<Option object_output="obj/Debug/" />
				<Option type="1" />
				<Option compiler="gcc" />
				<Compiler>
					<Add option="-g" />
				</Compiler>
			</Target>
			<Target title="Release">
				<Option output="bin/Release/F1" prefix_auto="1" extension_auto="1" />
				<Option object_output="obj/Release/" />
				<Option type="1" />
				<Option compiler="gcc" />
				<Compiler>
					<Add option="-O2" />
				</Compiler>
				<Linker>
					<Add option="-s" />
				</Linker>
			</Target>
		</Build>
		<Compiler>
			<Add option="-Wall" />
		</Compiler>
		<Unit filename="ABC_GU.c">
			<Option compilerVar="CC" />
		</Unit>
		<Unit filename="ABC_GU.h" />
		<Unit filename="Analizador.c">
			<Option compilerVar="CC" />
		</Unit>
		<Unit filename="Analizador.h">
			<Option compilerVar="C" />
		</Unit>
		<Unit filename="Estructuras.h" />
		<Unit filename="FDISK.c">
			<Option compilerVar="CC" />
		</Unit>
		<Unit filename="FDISK.h" />
		<Unit filename="JOURNAL.c">
			<Option compilerVar="CC" />
		</Unit>
		<Unit filename="JOURNAL.h" />
		<Unit filename="LOGIN.c">
			<Option compilerVar="CC" />
		</Unit>
		<Unit filename="LOGIN.h" />
		<Unit filename="MKDIR.c">
			<Option compilerVar="CC" />
		</Unit>
		<Unit filename="MKDIR.h" />
		<Unit filename="MKDISK.c">
			<Option compilerVar="CC" />
		</Unit>
		<Unit filename="MKDISK.h" />
		<Unit filename="MKFILE.c">
			<Option compilerVar="CC" />
		</Unit>
		<Unit filename="MKFILE.h" />
		<Unit filename="MKFS.c">
			<Option compilerVar="CC" />
		</Unit>
		<Unit filename="MKFS.h" />
		<Unit filename="MOUNT.c">
			<Option compilerVar="CC" />
		</Unit>
		<Unit filename="MOUNT.h" />
		<Unit filename="MV.c">
			<Option compilerVar="CC" />
		</Unit>
		<Unit filename="MV.h" />
		<Unit filename="REM.c">
			<Option compilerVar="CC" />
		</Unit>
		<Unit filename="REM.h" />
		<Unit filename="REP.c">
			<Option compilerVar="CC" />
		</Unit>
		<Unit filename="REP.h" />
		<Unit filename="main.c">
			<Option compilerVar="CC" />
		</Unit>
		<Extensions>
			<envvars />
			<code_completion />
			<debugger />
			<lib_finder disable_auto="1" />
		</Extensions>
	</Project>
</CodeBlocks_project_file>
